{
  "name": ".doom.d",
  "lockfileVersion": 3,
  "requires": true,
  "packages": {
    "": {
      "dependencies": {
        "@github/copilot-language-server": "^1.367.0"
      }
    },
    "node_modules/@github/copilot-language-server": {
      "version": "1.367.0",
      "resolved": "https://registry.npmjs.org/@github/copilot-language-server/-/copilot-language-server-1.367.0.tgz",
      "integrity": "sha512-gkH1Sp3SA+BWHl2h/yIdy1kYOREesTp1CC+IrxYIUNjy0cjdkOm5rcF6oO6BIcJttRwT9Ug8C1J5guVXhWcsSg==",
      "license": "MIT",
      "dependencies": {
        "vscode-languageserver-protocol": "^3.17.5"
      },
      "bin": {
        "copilot-language-server": "dist/language-server.js"
      },
      "optionalDependencies": {
        "@github/copilot-language-server-darwin-arm64": "1.367.0",
        "@github/copilot-language-server-darwin-x64": "1.367.0",
        "@github/copilot-language-server-linux-arm64": "1.367.0",
        "@github/copilot-language-server-linux-x64": "1.367.0",
        "@github/copilot-language-server-win32-x64": "1.367.0"
      }
    },
    "node_modules/@github/copilot-language-server-darwin-arm64": {
      "version": "1.367.0",
      "resolved": "https://registry.npmjs.org/@github/copilot-language-server-darwin-arm64/-/copilot-language-server-darwin-arm64-1.367.0.tgz",
      "integrity": "sha512-RvU/r/heRW0x4dchB/zfb+sUGHHXXFqT+ujFqtGeTy0NoBJlbuHEZt/9uUb09reHUVLtsJgA/NMiuM0Ffbe0fg==",
      "cpu": [
        "arm64"
      ],
      "license": "MIT",
      "optional": true,
      "os": [
        "darwin"
      ]
    },
    "node_modules/@github/copilot-language-server-darwin-x64": {
      "version": "1.367.0",
      "resolved": "https://registry.npmjs.org/@github/copilot-language-server-darwin-x64/-/copilot-language-server-darwin-x64-1.367.0.tgz",
      "integrity": "sha512-gBko0MnYTwvgKeogGoYsamzlZysy5EiRyf0UffMeyU890PtoOrrx3sTRyid21/AnkFbtbbaJCUO13qDPzgAYSw==",
      "cpu": [
        "x64"
      ],
      "license": "MIT",
      "optional": true,
      "os": [
        "darwin"
      ]
    },
    "node_modules/@github/copilot-language-server-linux-arm64": {
      "version": "1.367.0",
      "resolved": "https://registry.npmjs.org/@github/copilot-language-server-linux-arm64/-/copilot-language-server-linux-arm64-1.367.0.tgz",
      "integrity": "sha512-fELeHDxgBLxWmWP8Igi7s2HOdkRMn85BOzBu+iUxmK4US9JDBTW1Fi6g+w5yyLgVXZKHw1uIBOnciSuwtdApag==",
      "cpu": [
        "arm64"
      ],
      "license": "MIT",
      "optional": true,
      "os": [
        "linux"
      ]
    },
    "node_modules/@github/copilot-language-server-linux-x64": {
      "version": "1.367.0",
      "resolved": "https://registry.npmjs.org/@github/copilot-language-server-linux-x64/-/copilot-language-server-linux-x64-1.367.0.tgz",
      "integrity": "sha512-+w436KnasBiWKXayTmvfwjyJ0yHavIDqD1PWV4+MAB5y2ehXbivMswInbc2q1C88NnfA0HhFzqxbXVqrTyKUkw==",
      "cpu": [
        "x64"
      ],
      "license": "MIT",
      "optional": true,
      "os": [
        "linux"
      ]
    },
    "node_modules/@github/copilot-language-server-win32-x64": {
      "version": "1.367.0",
      "resolved": "https://registry.npmjs.org/@github/copilot-language-server-win32-x64/-/copilot-language-server-win32-x64-1.367.0.tgz",
      "integrity": "sha512-7xp9FfasDqVoMCllA3yq6SNxop4V4RilOGLvFZc6eKvz145xeNUm8AQVXmHQJKscyVS8UFGazKWb2jAgGzVR/g==",
      "cpu": [
        "x64"
      ],
      "license": "MIT",
      "optional": true,
      "os": [
        "win32"
      ]
    },
    "node_modules/vscode-jsonrpc": {
      "version": "8.2.0",
      "resolved": "https://registry.npmjs.org/vscode-jsonrpc/-/vscode-jsonrpc-8.2.0.tgz",
      "integrity": "sha512-C+r0eKJUIfiDIfwJhria30+TYWPtuHJXHtI7J0YlOmKAo7ogxP20T0zxB7HZQIFhIyvoBPwWskjxrvAtfjyZfA==",
      "license": "MIT",
      "engines": {
        "node": ">=14.0.0"
      }
    },
    "node_modules/vscode-languageserver-protocol": {
      "version": "3.17.5",
      "resolved": "https://registry.npmjs.org/vscode-languageserver-protocol/-/vscode-languageserver-protocol-3.17.5.tgz",
      "integrity": "sha512-mb1bvRJN8SVznADSGWM9u/b07H7Ecg0I3OgXDuLdn307rl/J3A9YD6/eYOssqhecL27hK1IPZAsaqh00i/Jljg==",
      "license": "MIT",
      "dependencies": {
        "vscode-jsonrpc": "8.2.0",
        "vscode-languageserver-types": "3.17.5"
      }
    },
    "node_modules/vscode-languageserver-types": {
      "version": "3.17.5",
      "resolved": "https://registry.npmjs.org/vscode-languageserver-types/-/vscode-languageserver-types-3.17.5.tgz",
      "integrity": "sha512-Ld1VelNuX9pdF39h2Hgaeb5hEZM2Z3jUrrMgWQAu82jMtZp7p3vJT3BzToKtZI7NgQssZje5o0zryOrhQvzQAg==",
      "license": "MIT"
    }
  }
}
